
Microsoft Visual Studio Solution File, Format Version 12.00
# Visual Studio Version 16
VisualStudioVersion = 16.0.28729.10
MinimumVisualStudioVersion = 10.0.40219.1
Project("{FAE04EC0-301F-11D3-BF4B-00C04F79EFBC}") = "Direct2D Experiment", "Direct2D Experiment.csproj", "{FCDA1AB8-E7C0-42F3-91DD-928CEF7E70B3}"
EndProject
Global
	GlobalSection(SolutionConfigurationPlatforms) = preSolution
		Debug|Any CPU = Debug|Any CPU
		Release|Any CPU = Release|Any CPU
	EndGlobalSection
	GlobalSection(ProjectConfigurationPlatforms) = postSolution
		{FCDA1AB8-E7C0-42F3-91DD-928CEF7E70B3}.Debug|Any CPU.ActiveCfg = Debug|Any CPU
		{FCDA1AB8-E7C0-42F3-91DD-928CEF7E70B3}.Debug|Any CPU.Build.0 = Debug|Any CPU
		{FCDA1AB8-E7C0-42F3-91DD-928CEF7E70B3}.Release|Any CPU.ActiveCfg = Release|Any CPU
		{FCDA1AB8-E7C0-42F3-91DD-928CEF7E70B3}.Release|Any CPU.Build.0 = Release|Any CPU
	EndGlobalSection
	GlobalSection(SolutionProperties) = preSolution
		HideSolutionNode = FALSE
	EndGlobalSection
	GlobalSection(ExtensibilityGlobals) = postSolution
		SolutionGuid = {05038207-389C-4875-B1BF-849B24BFF411}
	EndGlobalSection
EndGlobal
